
Microsoft Visual Studio Solution File, Format Version 12.00
# Visual Studio 2013
VisualStudioVersion = 12.0.21005.1
MinimumVisualStudioVersion = 10.0.40219.1
Project("{FAE04EC0-301F-11D3-BF4B-00C04F79EFBC}") = "ObjectMappers", "ObjectMappers\ObjectMappers.csproj", "{B4F7848D-1168-4D51-9EED-9D6526DC37E9}"
EndProject
Project("{FAE04EC0-301F-11D3-BF4B-00C04F79EFBC}") = "DomainEntities", "DomainEntities\DomainEntities.csproj", "{9A7F18AE-3739-43B4-8FEC-7ED356B44D42}"
EndProject
Project("{FAE04EC0-301F-11D3-BF4B-00C04F79EFBC}") = "DataReaders", "DataReaders\DataReaders.csproj", "{A0E7F254-AF7F-4039-BD9C-0A4305838772}"
EndProject
Global
	GlobalSection(SolutionConfigurationPlatforms) = preSolution
		Debug|Any CPU = Debug|Any CPU
		Release|Any CPU = Release|Any CPU
	EndGlobalSection
	GlobalSection(ProjectConfigurationPlatforms) = postSolution
		{B4F7848D-1168-4D51-9EED-9D6526DC37E9}.Debug|Any CPU.ActiveCfg = Debug|Any CPU
		{B4F7848D-1168-4D51-9EED-9D6526DC37E9}.Debug|Any CPU.Build.0 = Debug|Any CPU
		{B4F7848D-1168-4D51-9EED-9D6526DC37E9}.Release|Any CPU.ActiveCfg = Release|Any CPU
		{B4F7848D-1168-4D51-9EED-9D6526DC37E9}.Release|Any CPU.Build.0 = Release|Any CPU
		{9A7F18AE-3739-43B4-8FEC-7ED356B44D42}.Debug|Any CPU.ActiveCfg = Debug|Any CPU
		{9A7F18AE-3739-43B4-8FEC-7ED356B44D42}.Debug|Any CPU.Build.0 = Debug|Any CPU
		{9A7F18AE-3739-43B4-8FEC-7ED356B44D42}.Release|Any CPU.ActiveCfg = Release|Any CPU
		{9A7F18AE-3739-43B4-8FEC-7ED356B44D42}.Release|Any CPU.Build.0 = Release|Any CPU
		{A0E7F254-AF7F-4039-BD9C-0A4305838772}.Debug|Any CPU.ActiveCfg = Debug|Any CPU
		{A0E7F254-AF7F-4039-BD9C-0A4305838772}.Debug|Any CPU.Build.0 = Debug|Any CPU
		{A0E7F254-AF7F-4039-BD9C-0A4305838772}.Release|Any CPU.ActiveCfg = Release|Any CPU
		{A0E7F254-AF7F-4039-BD9C-0A4305838772}.Release|Any CPU.Build.0 = Release|Any CPU
	EndGlobalSection
	GlobalSection(SolutionProperties) = preSolution
		HideSolutionNode = FALSE
	EndGlobalSection
EndGlobal
